
Microsoft Visual Studio Solution File, Format Version 12.00
# Visual Studio Version 16
Project("{2150E333-8FDC-42A3-9474-1A3956D46DE8}") = "CMakePredefinedTargets", "CMakePredefinedTargets", "{D64F079B-55F3-3B2D-B43A-3CFC4226704E}"
EndProject
Project("{2150E333-8FDC-42A3-9474-1A3956D46DE8}") = "External", "External", "{1CB38DB3-6320-3CA9-8D9D-3EB0BAA53450}"
EndProject
Project("{2150E333-8FDC-42A3-9474-1A3956D46DE8}") = "Internal", "Internal", "{1E3FF107-E611-3A3B-84AF-1264AEB9FF17}"
EndProject
Project("{2150E333-8FDC-42A3-9474-1A3956D46DE8}") = "Utils", "Utils", "{6F8940A8-CE66-36DA-9BAF-C82CD2A50B8D}"
EndProject
Project("{8BC9CEB8-8B4A-11D0-8D11-00A0C91BC942}") = "ALL_BUILD", "ALL_BUILD.vcxproj", "{EED29E3A-087C-33CF-933D-0B3F9F30A9D2}"
	ProjectSection(ProjectDependencies) = postProject
		{423E8B68-91D3-322E-96D3-AF0D5EED3E6D} = {423E8B68-91D3-322E-96D3-AF0D5EED3E6D}
		{CAB74769-6E44-3A3A-B607-DBC84E30E234} = {CAB74769-6E44-3A3A-B607-DBC84E30E234}
		{65BDDE2F-5095-374F-AD7D-16F875CF33CA} = {65BDDE2F-5095-374F-AD7D-16F875CF33CA}
		{CDAE0890-102F-39D7-B2D2-6CA716BAAE68} = {CDAE0890-102F-39D7-B2D2-6CA716BAAE68}
		{7FCC8C08-B699-3A02-86B1-8B4A73E18868} = {7FCC8C08-B699-3A02-86B1-8B4A73E18868}
		{248B76C5-9FBA-3CAF-9466-29493272D762} = {248B76C5-9FBA-3CAF-9466-29493272D762}
		{D645E65F-4CED-36F3-A785-6BC95166BD07} = {D645E65F-4CED-36F3-A785-6BC95166BD07}
		{B752CE87-29AE-30A3-811E-0AA69CCA09F7} = {B752CE87-29AE-30A3-811E-0AA69CCA09F7}
		{424896FE-17DE-3476-B5BF-B597D72C410E} = {424896FE-17DE-3476-B5BF-B597D72C410E}
		{E3CD9BAA-5D9C-361E-907E-71F725E2AD29} = {E3CD9BAA-5D9C-361E-907E-71F725E2AD29}
		{32B63264-E3C7-387B-BEC3-9DE6BF3DE97B} = {32B63264-E3C7-387B-BEC3-9DE6BF3DE97B}
		{FA3984C7-8D93-3044-9C0E-B89C261B66FA} = {FA3984C7-8D93-3044-9C0E-B89C261B66FA}
		{C35D2760-4656-36A6-B04E-68EDE5B38D19} = {C35D2760-4656-36A6-B04E-68EDE5B38D19}
		{126ACE21-CA4A-367C-8E59-CB88CABF44AC} = {126ACE21-CA4A-367C-8E59-CB88CABF44AC}
		{FFA8E7A0-4750-33F8-939B-C08C9BFA20E8} = {FFA8E7A0-4750-33F8-939B-C08C9BFA20E8}
	EndProjectSection
EndProject
Project("{8BC9CEB8-8B4A-11D0-8D11-00A0C91BC942}") = "PrizeWheel", "PrizeWheel.vcxproj", "{423E8B68-91D3-322E-96D3-AF0D5EED3E6D}"
	ProjectSection(ProjectDependencies) = postProject
		{CAB74769-6E44-3A3A-B607-DBC84E30E234} = {CAB74769-6E44-3A3A-B607-DBC84E30E234}
		{65BDDE2F-5095-374F-AD7D-16F875CF33CA} = {65BDDE2F-5095-374F-AD7D-16F875CF33CA}
		{CDAE0890-102F-39D7-B2D2-6CA716BAAE68} = {CDAE0890-102F-39D7-B2D2-6CA716BAAE68}
		{7FCC8C08-B699-3A02-86B1-8B4A73E18868} = {7FCC8C08-B699-3A02-86B1-8B4A73E18868}
		{248B76C5-9FBA-3CAF-9466-29493272D762} = {248B76C5-9FBA-3CAF-9466-29493272D762}
		{D645E65F-4CED-36F3-A785-6BC95166BD07} = {D645E65F-4CED-36F3-A785-6BC95166BD07}
		{B752CE87-29AE-30A3-811E-0AA69CCA09F7} = {B752CE87-29AE-30A3-811E-0AA69CCA09F7}
		{424896FE-17DE-3476-B5BF-B597D72C410E} = {424896FE-17DE-3476-B5BF-B597D72C410E}
		{E3CD9BAA-5D9C-361E-907E-71F725E2AD29} = {E3CD9BAA-5D9C-361E-907E-71F725E2AD29}
		{32B63264-E3C7-387B-BEC3-9DE6BF3DE97B} = {32B63264-E3C7-387B-BEC3-9DE6BF3DE97B}
		{FA3984C7-8D93-3044-9C0E-B89C261B66FA} = {FA3984C7-8D93-3044-9C0E-B89C261B66FA}
		{C35D2760-4656-36A6-B04E-68EDE5B38D19} = {C35D2760-4656-36A6-B04E-68EDE5B38D19}
		{126ACE21-CA4A-367C-8E59-CB88CABF44AC} = {126ACE21-CA4A-367C-8E59-CB88CABF44AC}
		{FFA8E7A0-4750-33F8-939B-C08C9BFA20E8} = {FFA8E7A0-4750-33F8-939B-C08C9BFA20E8}
	EndProjectSection
EndProject
Project("{8BC9CEB8-8B4A-11D0-8D11-00A0C91BC942}") = "SYNC_RESOURCE-PrizeWheel", "SYNC_RESOURCE-PrizeWheel.vcxproj", "{CAB74769-6E44-3A3A-B607-DBC84E30E234}"
	ProjectSection(ProjectDependencies) = postProject
		{65BDDE2F-5095-374F-AD7D-16F875CF33CA} = {65BDDE2F-5095-374F-AD7D-16F875CF33CA}
	EndProjectSection
EndProject
Project("{8BC9CEB8-8B4A-11D0-8D11-00A0C91BC942}") = "ZERO_CHECK", "ZERO_CHECK.vcxproj", "{65BDDE2F-5095-374F-AD7D-16F875CF33CA}"
	ProjectSection(ProjectDependencies) = postProject
	EndProjectSection
EndProject
Project("{8BC9CEB8-8B4A-11D0-8D11-00A0C91BC942}") = "cocos2d", "engine\cocos\core\cocos2d.vcxproj", "{CDAE0890-102F-39D7-B2D2-6CA716BAAE68}"
	ProjectSection(ProjectDependencies) = postProject
		{65BDDE2F-5095-374F-AD7D-16F875CF33CA} = {65BDDE2F-5095-374F-AD7D-16F875CF33CA}
		{7FCC8C08-B699-3A02-86B1-8B4A73E18868} = {7FCC8C08-B699-3A02-86B1-8B4A73E18868}
		{248B76C5-9FBA-3CAF-9466-29493272D762} = {248B76C5-9FBA-3CAF-9466-29493272D762}
		{D645E65F-4CED-36F3-A785-6BC95166BD07} = {D645E65F-4CED-36F3-A785-6BC95166BD07}
		{B752CE87-29AE-30A3-811E-0AA69CCA09F7} = {B752CE87-29AE-30A3-811E-0AA69CCA09F7}
		{424896FE-17DE-3476-B5BF-B597D72C410E} = {424896FE-17DE-3476-B5BF-B597D72C410E}
		{E3CD9BAA-5D9C-361E-907E-71F725E2AD29} = {E3CD9BAA-5D9C-361E-907E-71F725E2AD29}
		{32B63264-E3C7-387B-BEC3-9DE6BF3DE97B} = {32B63264-E3C7-387B-BEC3-9DE6BF3DE97B}
		{FA3984C7-8D93-3044-9C0E-B89C261B66FA} = {FA3984C7-8D93-3044-9C0E-B89C261B66FA}
		{C35D2760-4656-36A6-B04E-68EDE5B38D19} = {C35D2760-4656-36A6-B04E-68EDE5B38D19}
		{126ACE21-CA4A-367C-8E59-CB88CABF44AC} = {126ACE21-CA4A-367C-8E59-CB88CABF44AC}
		{FFA8E7A0-4750-33F8-939B-C08C9BFA20E8} = {FFA8E7A0-4750-33F8-939B-C08C9BFA20E8}
	EndProjectSection
EndProject
Project("{8BC9CEB8-8B4A-11D0-8D11-00A0C91BC942}") = "ext_clipper", "engine\external\clipper\ext_clipper.vcxproj", "{7FCC8C08-B699-3A02-86B1-8B4A73E18868}"
	ProjectSection(ProjectDependencies) = postProject
		{65BDDE2F-5095-374F-AD7D-16F875CF33CA} = {65BDDE2F-5095-374F-AD7D-16F875CF33CA}
	EndProjectSection
EndProject
Project("{8BC9CEB8-8B4A-11D0-8D11-00A0C91BC942}") = "ext_convertUTF", "engine\external\ConvertUTF\ext_convertUTF.vcxproj", "{248B76C5-9FBA-3CAF-9466-29493272D762}"
	ProjectSection(ProjectDependencies) = postProject
		{65BDDE2F-5095-374F-AD7D-16F875CF33CA} = {65BDDE2F-5095-374F-AD7D-16F875CF33CA}
	EndProjectSection
EndProject
Project("{8BC9CEB8-8B4A-11D0-8D11-00A0C91BC942}") = "ext_edtaa3func", "engine\external\edtaa3func\ext_edtaa3func.vcxproj", "{D645E65F-4CED-36F3-A785-6BC95166BD07}"
	ProjectSection(ProjectDependencies) = postProject
		{65BDDE2F-5095-374F-AD7D-16F875CF33CA} = {65BDDE2F-5095-374F-AD7D-16F875CF33CA}
	EndProjectSection
EndProject
Project("{8BC9CEB8-8B4A-11D0-8D11-00A0C91BC942}") = "ext_md5", "engine\external\md5\ext_md5.vcxproj", "{B752CE87-29AE-30A3-811E-0AA69CCA09F7}"
	ProjectSection(ProjectDependencies) = postProject
		{65BDDE2F-5095-374F-AD7D-16F875CF33CA} = {65BDDE2F-5095-374F-AD7D-16F875CF33CA}
	EndProjectSection
EndProject
Project("{8BC9CEB8-8B4A-11D0-8D11-00A0C91BC942}") = "ext_poly2tri", "engine\external\poly2tri\ext_poly2tri.vcxproj", "{424896FE-17DE-3476-B5BF-B597D72C410E}"
	ProjectSection(ProjectDependencies) = postProject
		{65BDDE2F-5095-374F-AD7D-16F875CF33CA} = {65BDDE2F-5095-374F-AD7D-16F875CF33CA}
	EndProjectSection
EndProject
Project("{8BC9CEB8-8B4A-11D0-8D11-00A0C91BC942}") = "ext_recast", "engine\external\recast\ext_recast.vcxproj", "{E3CD9BAA-5D9C-361E-907E-71F725E2AD29}"
	ProjectSection(ProjectDependencies) = postProject
		{65BDDE2F-5095-374F-AD7D-16F875CF33CA} = {65BDDE2F-5095-374F-AD7D-16F875CF33CA}
	EndProjectSection
EndProject
Project("{8BC9CEB8-8B4A-11D0-8D11-00A0C91BC942}") = "ext_tinyxml2", "engine\external\tinyxml2\ext_tinyxml2.vcxproj", "{32B63264-E3C7-387B-BEC3-9DE6BF3DE97B}"
	ProjectSection(ProjectDependencies) = postProject
		{65BDDE2F-5095-374F-AD7D-16F875CF33CA} = {65BDDE2F-5095-374F-AD7D-16F875CF33CA}
	EndProjectSection
EndProject
Project("{8BC9CEB8-8B4A-11D0-8D11-00A0C91BC942}") = "ext_unzip", "engine\external\unzip\ext_unzip.vcxproj", "{FA3984C7-8D93-3044-9C0E-B89C261B66FA}"
	ProjectSection(ProjectDependencies) = postProject
		{65BDDE2F-5095-374F-AD7D-16F875CF33CA} = {65BDDE2F-5095-374F-AD7D-16F875CF33CA}
	EndProjectSection
EndProject
Project("{8BC9CEB8-8B4A-11D0-8D11-00A0C91BC942}") = "ext_xxhash", "engine\external\xxhash\ext_xxhash.vcxproj", "{C35D2760-4656-36A6-B04E-68EDE5B38D19}"
	ProjectSection(ProjectDependencies) = postProject
		{65BDDE2F-5095-374F-AD7D-16F875CF33CA} = {65BDDE2F-5095-374F-AD7D-16F875CF33CA}
	EndProjectSection
EndProject
Project("{8BC9CEB8-8B4A-11D0-8D11-00A0C91BC942}") = "ext_xxtea", "engine\external\xxtea\ext_xxtea.vcxproj", "{126ACE21-CA4A-367C-8E59-CB88CABF44AC}"
	ProjectSection(ProjectDependencies) = postProject
		{65BDDE2F-5095-374F-AD7D-16F875CF33CA} = {65BDDE2F-5095-374F-AD7D-16F875CF33CA}
	EndProjectSection
EndProject
Project("{8BC9CEB8-8B4A-11D0-8D11-00A0C91BC942}") = "external", "engine\external\external.vcxproj", "{FFA8E7A0-4750-33F8-939B-C08C9BFA20E8}"
	ProjectSection(ProjectDependencies) = postProject
		{65BDDE2F-5095-374F-AD7D-16F875CF33CA} = {65BDDE2F-5095-374F-AD7D-16F875CF33CA}
		{7FCC8C08-B699-3A02-86B1-8B4A73E18868} = {7FCC8C08-B699-3A02-86B1-8B4A73E18868}
		{248B76C5-9FBA-3CAF-9466-29493272D762} = {248B76C5-9FBA-3CAF-9466-29493272D762}
		{D645E65F-4CED-36F3-A785-6BC95166BD07} = {D645E65F-4CED-36F3-A785-6BC95166BD07}
		{B752CE87-29AE-30A3-811E-0AA69CCA09F7} = {B752CE87-29AE-30A3-811E-0AA69CCA09F7}
		{424896FE-17DE-3476-B5BF-B597D72C410E} = {424896FE-17DE-3476-B5BF-B597D72C410E}
		{E3CD9BAA-5D9C-361E-907E-71F725E2AD29} = {E3CD9BAA-5D9C-361E-907E-71F725E2AD29}
		{32B63264-E3C7-387B-BEC3-9DE6BF3DE97B} = {32B63264-E3C7-387B-BEC3-9DE6BF3DE97B}
		{FA3984C7-8D93-3044-9C0E-B89C261B66FA} = {FA3984C7-8D93-3044-9C0E-B89C261B66FA}
		{C35D2760-4656-36A6-B04E-68EDE5B38D19} = {C35D2760-4656-36A6-B04E-68EDE5B38D19}
		{126ACE21-CA4A-367C-8E59-CB88CABF44AC} = {126ACE21-CA4A-367C-8E59-CB88CABF44AC}
	EndProjectSection
EndProject
Global
	GlobalSection(SolutionConfigurationPlatforms) = preSolution
		Debug|Win32 = Debug|Win32
		Release|Win32 = Release|Win32
		MinSizeRel|Win32 = MinSizeRel|Win32
		RelWithDebInfo|Win32 = RelWithDebInfo|Win32
	EndGlobalSection
	GlobalSection(ProjectConfigurationPlatforms) = postSolution
		{EED29E3A-087C-33CF-933D-0B3F9F30A9D2}.Debug|Win32.ActiveCfg = Debug|Win32
		{EED29E3A-087C-33CF-933D-0B3F9F30A9D2}.Release|Win32.ActiveCfg = Release|Win32
		{EED29E3A-087C-33CF-933D-0B3F9F30A9D2}.MinSizeRel|Win32.ActiveCfg = MinSizeRel|Win32
		{EED29E3A-087C-33CF-933D-0B3F9F30A9D2}.RelWithDebInfo|Win32.ActiveCfg = RelWithDebInfo|Win32
		{423E8B68-91D3-322E-96D3-AF0D5EED3E6D}.Debug|Win32.ActiveCfg = Debug|Win32
		{423E8B68-91D3-322E-96D3-AF0D5EED3E6D}.Debug|Win32.Build.0 = Debug|Win32
		{423E8B68-91D3-322E-96D3-AF0D5EED3E6D}.Release|Win32.ActiveCfg = Release|Win32
		{423E8B68-91D3-322E-96D3-AF0D5EED3E6D}.Release|Win32.Build.0 = Release|Win32
		{423E8B68-91D3-322E-96D3-AF0D5EED3E6D}.MinSizeRel|Win32.ActiveCfg = MinSizeRel|Win32
		{423E8B68-91D3-322E-96D3-AF0D5EED3E6D}.MinSizeRel|Win32.Build.0 = MinSizeRel|Win32
		{423E8B68-91D3-322E-96D3-AF0D5EED3E6D}.RelWithDebInfo|Win32.ActiveCfg = RelWithDebInfo|Win32
		{423E8B68-91D3-322E-96D3-AF0D5EED3E6D}.RelWithDebInfo|Win32.Build.0 = RelWithDebInfo|Win32
		{CAB74769-6E44-3A3A-B607-DBC84E30E234}.Debug|Win32.ActiveCfg = Debug|Win32
		{CAB74769-6E44-3A3A-B607-DBC84E30E234}.Debug|Win32.Build.0 = Debug|Win32
		{CAB74769-6E44-3A3A-B607-DBC84E30E234}.Release|Win32.ActiveCfg = Release|Win32
		{CAB74769-6E44-3A3A-B607-DBC84E30E234}.Release|Win32.Build.0 = Release|Win32
		{CAB74769-6E44-3A3A-B607-DBC84E30E234}.MinSizeRel|Win32.ActiveCfg = MinSizeRel|Win32
		{CAB74769-6E44-3A3A-B607-DBC84E30E234}.MinSizeRel|Win32.Build.0 = MinSizeRel|Win32
		{CAB74769-6E44-3A3A-B607-DBC84E30E234}.RelWithDebInfo|Win32.ActiveCfg = RelWithDebInfo|Win32
		{CAB74769-6E44-3A3A-B607-DBC84E30E234}.RelWithDebInfo|Win32.Build.0 = RelWithDebInfo|Win32
		{65BDDE2F-5095-374F-AD7D-16F875CF33CA}.Debug|Win32.ActiveCfg = Debug|Win32
		{65BDDE2F-5095-374F-AD7D-16F875CF33CA}.Debug|Win32.Build.0 = Debug|Win32
		{65BDDE2F-5095-374F-AD7D-16F875CF33CA}.Release|Win32.ActiveCfg = Release|Win32
		{65BDDE2F-5095-374F-AD7D-16F875CF33CA}.Release|Win32.Build.0 = Release|Win32
		{65BDDE2F-5095-374F-AD7D-16F875CF33CA}.MinSizeRel|Win32.ActiveCfg = MinSizeRel|Win32
		{65BDDE2F-5095-374F-AD7D-16F875CF33CA}.MinSizeRel|Win32.Build.0 = MinSizeRel|Win32
		{65BDDE2F-5095-374F-AD7D-16F875CF33CA}.RelWithDebInfo|Win32.ActiveCfg = RelWithDebInfo|Win32
		{65BDDE2F-5095-374F-AD7D-16F875CF33CA}.RelWithDebInfo|Win32.Build.0 = RelWithDebInfo|Win32
		{CDAE0890-102F-39D7-B2D2-6CA716BAAE68}.Debug|Win32.ActiveCfg = Debug|Win32
		{CDAE0890-102F-39D7-B2D2-6CA716BAAE68}.Debug|Win32.Build.0 = Debug|Win32
		{CDAE0890-102F-39D7-B2D2-6CA716BAAE68}.Release|Win32.ActiveCfg = Release|Win32
		{CDAE0890-102F-39D7-B2D2-6CA716BAAE68}.Release|Win32.Build.0 = Release|Win32
		{CDAE0890-102F-39D7-B2D2-6CA716BAAE68}.MinSizeRel|Win32.ActiveCfg = MinSizeRel|Win32
		{CDAE0890-102F-39D7-B2D2-6CA716BAAE68}.MinSizeRel|Win32.Build.0 = MinSizeRel|Win32
		{CDAE0890-102F-39D7-B2D2-6CA716BAAE68}.RelWithDebInfo|Win32.ActiveCfg = RelWithDebInfo|Win32
		{CDAE0890-102F-39D7-B2D2-6CA716BAAE68}.RelWithDebInfo|Win32.Build.0 = RelWithDebInfo|Win32
		{7FCC8C08-B699-3A02-86B1-8B4A73E18868}.Debug|Win32.ActiveCfg = Debug|Win32
		{7FCC8C08-B699-3A02-86B1-8B4A73E18868}.Debug|Win32.Build.0 = Debug|Win32
		{7FCC8C08-B699-3A02-86B1-8B4A73E18868}.Release|Win32.ActiveCfg = Release|Win32
		{7FCC8C08-B699-3A02-86B1-8B4A73E18868}.Release|Win32.Build.0 = Release|Win32
		{7FCC8C08-B699-3A02-86B1-8B4A73E18868}.MinSizeRel|Win32.ActiveCfg = MinSizeRel|Win32
		{7FCC8C08-B699-3A02-86B1-8B4A73E18868}.MinSizeRel|Win32.Build.0 = MinSizeRel|Win32
		{7FCC8C08-B699-3A02-86B1-8B4A73E18868}.RelWithDebInfo|Win32.ActiveCfg = RelWithDebInfo|Win32
		{7FCC8C08-B699-3A02-86B1-8B4A73E18868}.RelWithDebInfo|Win32.Build.0 = RelWithDebInfo|Win32
		{248B76C5-9FBA-3CAF-9466-29493272D762}.Debug|Win32.ActiveCfg = Debug|Win32
		{248B76C5-9FBA-3CAF-9466-29493272D762}.Debug|Win32.Build.0 = Debug|Win32
		{248B76C5-9FBA-3CAF-9466-29493272D762}.Release|Win32.ActiveCfg = Release|Win32
		{248B76C5-9FBA-3CAF-9466-29493272D762}.Release|Win32.Build.0 = Release|Win32
		{248B76C5-9FBA-3CAF-9466-29493272D762}.MinSizeRel|Win32.ActiveCfg = MinSizeRel|Win32
		{248B76C5-9FBA-3CAF-9466-29493272D762}.MinSizeRel|Win32.Build.0 = MinSizeRel|Win32
		{248B76C5-9FBA-3CAF-9466-29493272D762}.RelWithDebInfo|Win32.ActiveCfg = RelWithDebInfo|Win32
		{248B76C5-9FBA-3CAF-9466-29493272D762}.RelWithDebInfo|Win32.Build.0 = RelWithDebInfo|Win32
		{D645E65F-4CED-36F3-A785-6BC95166BD07}.Debug|Win32.ActiveCfg = Debug|Win32
		{D645E65F-4CED-36F3-A785-6BC95166BD07}.Debug|Win32.Build.0 = Debug|Win32
		{D645E65F-4CED-36F3-A785-6BC95166BD07}.Release|Win32.ActiveCfg = Release|Win32
		{D645E65F-4CED-36F3-A785-6BC95166BD07}.Release|Win32.Build.0 = Release|Win32
		{D645E65F-4CED-36F3-A785-6BC95166BD07}.MinSizeRel|Win32.ActiveCfg = MinSizeRel|Win32
		{D645E65F-4CED-36F3-A785-6BC95166BD07}.MinSizeRel|Win32.Build.0 = MinSizeRel|Win32
		{D645E65F-4CED-36F3-A785-6BC95166BD07}.RelWithDebInfo|Win32.ActiveCfg = RelWithDebInfo|Win32
		{D645E65F-4CED-36F3-A785-6BC95166BD07}.RelWithDebInfo|Win32.Build.0 = RelWithDebInfo|Win32
		{B752CE87-29AE-30A3-811E-0AA69CCA09F7}.Debug|Win32.ActiveCfg = Debug|Win32
		{B752CE87-29AE-30A3-811E-0AA69CCA09F7}.Debug|Win32.Build.0 = Debug|Win32
		{B752CE87-29AE-30A3-811E-0AA69CCA09F7}.Release|Win32.ActiveCfg = Release|Win32
		{B752CE87-29AE-30A3-811E-0AA69CCA09F7}.Release|Win32.Build.0 = Release|Win32
		{B752CE87-29AE-30A3-811E-0AA69CCA09F7}.MinSizeRel|Win32.ActiveCfg = MinSizeRel|Win32
		{B752CE87-29AE-30A3-811E-0AA69CCA09F7}.MinSizeRel|Win32.Build.0 = MinSizeRel|Win32
		{B752CE87-29AE-30A3-811E-0AA69CCA09F7}.RelWithDebInfo|Win32.ActiveCfg = RelWithDebInfo|Win32
		{B752CE87-29AE-30A3-811E-0AA69CCA09F7}.RelWithDebInfo|Win32.Build.0 = RelWithDebInfo|Win32
		{424896FE-17DE-3476-B5BF-B597D72C410E}.Debug|Win32.ActiveCfg = Debug|Win32
		{424896FE-17DE-3476-B5BF-B597D72C410E}.Debug|Win32.Build.0 = Debug|Win32
		{424896FE-17DE-3476-B5BF-B597D72C410E}.Release|Win32.ActiveCfg = Release|Win32
		{424896FE-17DE-3476-B5BF-B597D72C410E}.Release|Win32.Build.0 = Release|Win32
		{424896FE-17DE-3476-B5BF-B597D72C410E}.MinSizeRel|Win32.ActiveCfg = MinSizeRel|Win32
		{424896FE-17DE-3476-B5BF-B597D72C410E}.MinSizeRel|Win32.Build.0 = MinSizeRel|Win32
		{424896FE-17DE-3476-B5BF-B597D72C410E}.RelWithDebInfo|Win32.ActiveCfg = RelWithDebInfo|Win32
		{424896FE-17DE-3476-B5BF-B597D72C410E}.RelWithDebInfo|Win32.Build.0 = RelWithDebInfo|Win32
		{E3CD9BAA-5D9C-361E-907E-71F725E2AD29}.Debug|Win32.ActiveCfg = Debug|Win32
		{E3CD9BAA-5D9C-361E-907E-71F725E2AD29}.Debug|Win32.Build.0 = Debug|Win32
		{E3CD9BAA-5D9C-361E-907E-71F725E2AD29}.Release|Win32.ActiveCfg = Release|Win32
		{E3CD9BAA-5D9C-361E-907E-71F725E2AD29}.Release|Win32.Build.0 = Release|Win32
		{E3CD9BAA-5D9C-361E-907E-71F725E2AD29}.MinSizeRel|Win32.ActiveCfg = MinSizeRel|Win32
		{E3CD9BAA-5D9C-361E-907E-71F725E2AD29}.MinSizeRel|Win32.Build.0 = MinSizeRel|Win32
		{E3CD9BAA-5D9C-361E-907E-71F725E2AD29}.RelWithDebInfo|Win32.ActiveCfg = RelWithDebInfo|Win32
		{E3CD9BAA-5D9C-361E-907E-71F725E2AD29}.RelWithDebInfo|Win32.Build.0 = RelWithDebInfo|Win32
		{32B63264-E3C7-387B-BEC3-9DE6BF3DE97B}.Debug|Win32.ActiveCfg = Debug|Win32
		{32B63264-E3C7-387B-BEC3-9DE6BF3DE97B}.Debug|Win32.Build.0 = Debug|Win32
		{32B63264-E3C7-387B-BEC3-9DE6BF3DE97B}.Release|Win32.ActiveCfg = Release|Win32
		{32B63264-E3C7-387B-BEC3-9DE6BF3DE97B}.Release|Win32.Build.0 = Release|Win32
		{32B63264-E3C7-387B-BEC3-9DE6BF3DE97B}.MinSizeRel|Win32.ActiveCfg = MinSizeRel|Win32
		{32B63264-E3C7-387B-BEC3-9DE6BF3DE97B}.MinSizeRel|Win32.Build.0 = MinSizeRel|Win32
		{32B63264-E3C7-387B-BEC3-9DE6BF3DE97B}.RelWithDebInfo|Win32.ActiveCfg = RelWithDebInfo|Win32
		{32B63264-E3C7-387B-BEC3-9DE6BF3DE97B}.RelWithDebInfo|Win32.Build.0 = RelWithDebInfo|Win32
		{FA3984C7-8D93-3044-9C0E-B89C261B66FA}.Debug|Win32.ActiveCfg = Debug|Win32
		{FA3984C7-8D93-3044-9C0E-B89C261B66FA}.Debug|Win32.Build.0 = Debug|Win32
		{FA3984C7-8D93-3044-9C0E-B89C261B66FA}.Release|Win32.ActiveCfg = Release|Win32
		{FA3984C7-8D93-3044-9C0E-B89C261B66FA}.Release|Win32.Build.0 = Release|Win32
		{FA3984C7-8D93-3044-9C0E-B89C261B66FA}.MinSizeRel|Win32.ActiveCfg = MinSizeRel|Win32
		{FA3984C7-8D93-3044-9C0E-B89C261B66FA}.MinSizeRel|Win32.Build.0 = MinSizeRel|Win32
		{FA3984C7-8D93-3044-9C0E-B89C261B66FA}.RelWithDebInfo|Win32.ActiveCfg = RelWithDebInfo|Win32
		{FA3984C7-8D93-3044-9C0E-B89C261B66FA}.RelWithDebInfo|Win32.Build.0 = RelWithDebInfo|Win32
		{C35D2760-4656-36A6-B04E-68EDE5B38D19}.Debug|Win32.ActiveCfg = Debug|Win32
		{C35D2760-4656-36A6-B04E-68EDE5B38D19}.Debug|Win32.Build.0 = Debug|Win32
		{C35D2760-4656-36A6-B04E-68EDE5B38D19}.Release|Win32.ActiveCfg = Release|Win32
		{C35D2760-4656-36A6-B04E-68EDE5B38D19}.Release|Win32.Build.0 = Release|Win32
		{C35D2760-4656-36A6-B04E-68EDE5B38D19}.MinSizeRel|Win32.ActiveCfg = MinSizeRel|Win32
		{C35D2760-4656-36A6-B04E-68EDE5B38D19}.MinSizeRel|Win32.Build.0 = MinSizeRel|Win32
		{C35D2760-4656-36A6-B04E-68EDE5B38D19}.RelWithDebInfo|Win32.ActiveCfg = RelWithDebInfo|Win32
		{C35D2760-4656-36A6-B04E-68EDE5B38D19}.RelWithDebInfo|Win32.Build.0 = RelWithDebInfo|Win32
		{126ACE21-CA4A-367C-8E59-CB88CABF44AC}.Debug|Win32.ActiveCfg = Debug|Win32
		{126ACE21-CA4A-367C-8E59-CB88CABF44AC}.Debug|Win32.Build.0 = Debug|Win32
		{126ACE21-CA4A-367C-8E59-CB88CABF44AC}.Release|Win32.ActiveCfg = Release|Win32
		{126ACE21-CA4A-367C-8E59-CB88CABF44AC}.Release|Win32.Build.0 = Release|Win32
		{126ACE21-CA4A-367C-8E59-CB88CABF44AC}.MinSizeRel|Win32.ActiveCfg = MinSizeRel|Win32
		{126ACE21-CA4A-367C-8E59-CB88CABF44AC}.MinSizeRel|Win32.Build.0 = MinSizeRel|Win32
		{126ACE21-CA4A-367C-8E59-CB88CABF44AC}.RelWithDebInfo|Win32.ActiveCfg = RelWithDebInfo|Win32
		{126ACE21-CA4A-367C-8E59-CB88CABF44AC}.RelWithDebInfo|Win32.Build.0 = RelWithDebInfo|Win32
		{FFA8E7A0-4750-33F8-939B-C08C9BFA20E8}.Debug|Win32.ActiveCfg = Debug|Win32
		{FFA8E7A0-4750-33F8-939B-C08C9BFA20E8}.Debug|Win32.Build.0 = Debug|Win32
		{FFA8E7A0-4750-33F8-939B-C08C9BFA20E8}.Release|Win32.ActiveCfg = Release|Win32
		{FFA8E7A0-4750-33F8-939B-C08C9BFA20E8}.Release|Win32.Build.0 = Release|Win32
		{FFA8E7A0-4750-33F8-939B-C08C9BFA20E8}.MinSizeRel|Win32.ActiveCfg = MinSizeRel|Win32
		{FFA8E7A0-4750-33F8-939B-C08C9BFA20E8}.MinSizeRel|Win32.Build.0 = MinSizeRel|Win32
		{FFA8E7A0-4750-33F8-939B-C08C9BFA20E8}.RelWithDebInfo|Win32.ActiveCfg = RelWithDebInfo|Win32
		{FFA8E7A0-4750-33F8-939B-C08C9BFA20E8}.RelWithDebInfo|Win32.Build.0 = RelWithDebInfo|Win32
	EndGlobalSection
	GlobalSection(NestedProjects) = preSolution
		{EED29E3A-087C-33CF-933D-0B3F9F30A9D2} = {D64F079B-55F3-3B2D-B43A-3CFC4226704E}
		{65BDDE2F-5095-374F-AD7D-16F875CF33CA} = {D64F079B-55F3-3B2D-B43A-3CFC4226704E}
		{7FCC8C08-B699-3A02-86B1-8B4A73E18868} = {1CB38DB3-6320-3CA9-8D9D-3EB0BAA53450}
		{248B76C5-9FBA-3CAF-9466-29493272D762} = {1CB38DB3-6320-3CA9-8D9D-3EB0BAA53450}
		{D645E65F-4CED-36F3-A785-6BC95166BD07} = {1CB38DB3-6320-3CA9-8D9D-3EB0BAA53450}
		{B752CE87-29AE-30A3-811E-0AA69CCA09F7} = {1CB38DB3-6320-3CA9-8D9D-3EB0BAA53450}
		{424896FE-17DE-3476-B5BF-B597D72C410E} = {1CB38DB3-6320-3CA9-8D9D-3EB0BAA53450}
		{E3CD9BAA-5D9C-361E-907E-71F725E2AD29} = {1CB38DB3-6320-3CA9-8D9D-3EB0BAA53450}
		{32B63264-E3C7-387B-BEC3-9DE6BF3DE97B} = {1CB38DB3-6320-3CA9-8D9D-3EB0BAA53450}
		{FA3984C7-8D93-3044-9C0E-B89C261B66FA} = {1CB38DB3-6320-3CA9-8D9D-3EB0BAA53450}
		{C35D2760-4656-36A6-B04E-68EDE5B38D19} = {1CB38DB3-6320-3CA9-8D9D-3EB0BAA53450}
		{126ACE21-CA4A-367C-8E59-CB88CABF44AC} = {1CB38DB3-6320-3CA9-8D9D-3EB0BAA53450}
		{FFA8E7A0-4750-33F8-939B-C08C9BFA20E8} = {1CB38DB3-6320-3CA9-8D9D-3EB0BAA53450}
		{CDAE0890-102F-39D7-B2D2-6CA716BAAE68} = {1E3FF107-E611-3A3B-84AF-1264AEB9FF17}
		{CAB74769-6E44-3A3A-B607-DBC84E30E234} = {6F8940A8-CE66-36DA-9BAF-C82CD2A50B8D}
	EndGlobalSection
	GlobalSection(ExtensibilityGlobals) = postSolution
		SolutionGuid = {D9AE9253-AF44-32D6-B8C3-EC1A4C032F58}
	EndGlobalSection
	GlobalSection(ExtensibilityAddIns) = postSolution
	EndGlobalSection
EndGlobal
